// !$*UTF8*$!
{
	archiveVersion = 1;
	classes = {
	};
	objectVersion = 77;
	objects = {

/* Begin PBXBuildFile section */
		7DDFCAFB2EAD602A00D4AA93 /* DeviceActivity.framework in Frameworks */ = {isa = PBXBuildFile; fileRef = 7DDFCAFA2EAD602A00D4AA93 /* DeviceActivity.framework */; };
		7DDFCB032EAD602A00D4AA93 /* DoomscrollMonitor.appex in Embed Foundation Extensions */ = {isa = PBXBuildFile; fileRef = 7DDFCAF82EAD602A00D4AA93 /* DoomscrollMonitor.appex */; settings = {ATTRIBUTES = (RemoveHeadersOnCopy, ); }; };
		7DDFCB0F2EAD611E00D4AA93 /* ManagedSettings.framework in Frameworks */ = {isa = PBXBuildFile; fileRef = 7DDFCB0E2EAD611E00D4AA93 /* ManagedSettings.framework */; };
		7DDFCB112EAD611E00D4AA93 /* ManagedSettingsUI.framework in Frameworks */ = {isa = PBXBuildFile; fileRef = 7DDFCB102EAD611E00D4AA93 /* ManagedSettingsUI.framework */; };
		7DDFCB192EAD611E00D4AA93 /* DoomscrollShield.appex in Embed Foundation Extensions */ = {isa = PBXBuildFile; fileRef = 7DDFCB0D2EAD611E00D4AA93 /* DoomscrollShield.appex */; settings = {ATTRIBUTES = (RemoveHeadersOnCopy, ); }; };
		7DDFCB1F2EAD619C00D4AA93 /* DeviceActivityNames.swift in Sources */ = {isa = PBXBuildFile; fileRef = 7DDFCB1E2EAD619C00D4AA93 /* DeviceActivityNames.swift */; };
/* End PBXBuildFile section */

/* Begin PBXContainerItemProxy section */
		7DDFCAD72EABB35D00D4AA93 /* PBXContainerItemProxy */ = {
			isa = PBXContainerItemProxy;
			containerPortal = 7DDFCAC12EABB35B00D4AA93 /* Project object */;
			proxyType = 1;
			remoteGlobalIDString = 7DDFCAC82EABB35B00D4AA93;
			remoteInfo = "Doomscroll Stopper";
		};
		7DDFCAE12EABB35D00D4AA93 /* PBXContainerItemProxy */ = {
			isa = PBXContainerItemProxy;
			containerPortal = 7DDFCAC12EABB35B00D4AA93 /* Project object */;
			proxyType = 1;
			remoteGlobalIDString = 7DDFCAC82EABB35B00D4AA93;
			remoteInfo = "Doomscroll Stopper";
		};
		7DDFCB012EAD602A00D4AA93 /* PBXContainerItemProxy */ = {
			isa = PBXContainerItemProxy;
			containerPortal = 7DDFCAC12EABB35B00D4AA93 /* Project object */;
			proxyType = 1;
			remoteGlobalIDString = 7DDFCAF72EAD602A00D4AA93;
			remoteInfo = DoomscrollMonitor;
		};
		7DDFCB172EAD611E00D4AA93 /* PBXContainerItemProxy */ = {
			isa = PBXContainerItemProxy;
			containerPortal = 7DDFCAC12EABB35B00D4AA93 /* Project object */;
			proxyType = 1;
			remoteGlobalIDString = 7DDFCB0C2EAD611E00D4AA93;
			remoteInfo = DoomscrollShield;
		};
/* End PBXContainerItemProxy section */

/* Begin PBXCopyFilesBuildPhase section */
		7DDFCB082EAD602A00D4AA93 /* Embed Foundation Extensions */ = {
			isa = PBXCopyFilesBuildPhase;
			buildActionMask = 2147483647;
			dstPath = "";
			dstSubfolderSpec = 13;
			files = (
				7DDFCB032EAD602A00D4AA93 /* DoomscrollMonitor.appex in Embed Foundation Extensions */,
				7DDFCB192EAD611E00D4AA93 /* DoomscrollShield.appex in Embed Foundation Extensions */,
			);
			name = "Embed Foundation Extensions";
			runOnlyForDeploymentPostprocessing = 0;
		};
/* End PBXCopyFilesBuildPhase section */

/* Begin PBXFileReference section */
		7DDFCAC92EABB35B00D4AA93 /* Doomscroll Stopper.app */ = {isa = PBXFileReference; explicitFileType = wrapper.application; includeInIndex = 0; path = "Doomscroll Stopper.app"; sourceTree = BUILT_PRODUCTS_DIR; };
		7DDFCAD62EABB35D00D4AA93 /* Doomscroll StopperTests.xctest */ = {isa = PBXFileReference; explicitFileType = wrapper.cfbundle; includeInIndex = 0; path = "Doomscroll StopperTests.xctest"; sourceTree = BUILT_PRODUCTS_DIR; };
		7DDFCAE02EABB35D00D4AA93 /* Doomscroll StopperUITests.xctest */ = {isa = PBXFileReference; explicitFileType = wrapper.cfbundle; includeInIndex = 0; path = "Doomscroll StopperUITests.xctest"; sourceTree = BUILT_PRODUCTS_DIR; };
		7DDFCAF82EAD602A00D4AA93 /* DoomscrollMonitor.appex */ = {isa = PBXFileReference; explicitFileType = "wrapper.app-extension"; includeInIndex = 0; path = DoomscrollMonitor.appex; sourceTree = BUILT_PRODUCTS_DIR; };
		7DDFCAFA2EAD602A00D4AA93 /* DeviceActivity.framework */ = {isa = PBXFileReference; lastKnownFileType = wrapper.framework; name = DeviceActivity.framework; path = System/Library/Frameworks/DeviceActivity.framework; sourceTree = SDKROOT; };
		7DDFCB0D2EAD611E00D4AA93 /* DoomscrollShield.appex */ = {isa = PBXFileReference; explicitFileType = "wrapper.app-extension"; includeInIndex = 0; path = DoomscrollShield.appex; sourceTree = BUILT_PRODUCTS_DIR; };
		7DDFCB0E2EAD611E00D4AA93 /* ManagedSettings.framework */ = {isa = PBXFileReference; lastKnownFileType = wrapper.framework; name = ManagedSettings.framework; path = System/Library/Frameworks/ManagedSettings.framework; sourceTree = SDKROOT; };
		7DDFCB102EAD611E00D4AA93 /* ManagedSettingsUI.framework */ = {isa = PBXFileReference; lastKnownFileType = wrapper.framework; name = ManagedSettingsUI.framework; path = System/Library/Frameworks/ManagedSettingsUI.framework; sourceTree = SDKROOT; };
		7DDFCB1E2EAD619C00D4AA93 /* DeviceActivityNames.swift */ = {isa = PBXFileReference; lastKnownFileType = sourcecode.swift; path = DeviceActivityNames.swift; sourceTree = "<group>"; };
/* End PBXFileReference section */

/* Begin PBXFileSystemSynchronizedBuildFileExceptionSet section */
		7DDFCB042EAD602A00D4AA93 /* Exceptions for "DoomscrollMonitor" folder in "DoomscrollMonitor" target */ = {
			isa = PBXFileSystemSynchronizedBuildFileExceptionSet;
			membershipExceptions = (
				Info.plist,
			);
			target = 7DDFCAF72EAD602A00D4AA93 /* DoomscrollMonitor */;
		};
		7DDFCB1A2EAD611E00D4AA93 /* Exceptions for "DoomscrollShield" folder in "DoomscrollShield" target */ = {
			isa = PBXFileSystemSynchronizedBuildFileExceptionSet;
			membershipExceptions = (
				Info.plist,
			);
			target = 7DDFCB0C2EAD611E00D4AA93 /* DoomscrollShield */;
		};
/* End PBXFileSystemSynchronizedBuildFileExceptionSet section */

/* Begin PBXFileSystemSynchronizedRootGroup section */
		7DDFCACB2EABB35B00D4AA93 /* Doomscroll Stopper */ = {
			isa = PBXFileSystemSynchronizedRootGroup;
			path = "Doomscroll Stopper";
			sourceTree = "<group>";
		};
		7DDFCAD92EABB35D00D4AA93 /* Doomscroll StopperTests */ = {
			isa = PBXFileSystemSynchronizedRootGroup;
			path = "Doomscroll StopperTests";
			sourceTree = "<group>";
		};
		7DDFCAE32EABB35D00D4AA93 /* Doomscroll StopperUITests */ = {
			isa = PBXFileSystemSynchronizedRootGroup;
			path = "Doomscroll StopperUITests";
			sourceTree = "<group>";
		};
		7DDFCAFC2EAD602A00D4AA93 /* DoomscrollMonitor */ = {
			isa = PBXFileSystemSynchronizedRootGroup;
			exceptions = (
				7DDFCB042EAD602A00D4AA93 /* Exceptions for "DoomscrollMonitor" folder in "DoomscrollMonitor" target */,
			);
			path = DoomscrollMonitor;
			sourceTree = "<group>";
		};
		7DDFCB122EAD611E00D4AA93 /* DoomscrollShield */ = {
			isa = PBXFileSystemSynchronizedRootGroup;
			exceptions = (
				7DDFCB1A2EAD611E00D4AA93 /* Exceptions for "DoomscrollShield" folder in "DoomscrollShield" target */,
			);
			path = DoomscrollShield;
			sourceTree = "<group>";
		};
/* End PBXFileSystemSynchronizedRootGroup section */

/* Begin PBXFrameworksBuildPhase section */
		7DDFCAC62EABB35B00D4AA93 /* Frameworks */ = {
			isa = PBXFrameworksBuildPhase;
			buildActionMask = 2147483647;
			files = (
			);
			runOnlyForDeploymentPostprocessing = 0;
		};
		7DDFCAD32EABB35D00D4AA93 /* Frameworks */ = {
			isa = PBXFrameworksBuildPhase;
			buildActionMask = 2147483647;
			files = (
			);
			runOnlyForDeploymentPostprocessing = 0;
		};
		7DDFCADD2EABB35D00D4AA93 /* Frameworks */ = {
			isa = PBXFrameworksBuildPhase;
			buildActionMask = 2147483647;
			files = (
			);
			runOnlyForDeploymentPostprocessing = 0;
		};
		7DDFCAF52EAD602A00D4AA93 /* Frameworks */ = {
			isa = PBXFrameworksBuildPhase;
			buildActionMask = 2147483647;
			files = (
				7DDFCAFB2EAD602A00D4AA93 /* DeviceActivity.framework in Frameworks */,
			);
			runOnlyForDeploymentPostprocessing = 0;
		};
		7DDFCB0A2EAD611E00D4AA93 /* Frameworks */ = {
			isa = PBXFrameworksBuildPhase;
			buildActionMask = 2147483647;
			files = (
				7DDFCB0F2EAD611E00D4AA93 /* ManagedSettings.framework in Frameworks */,
				7DDFCB112EAD611E00D4AA93 /* ManagedSettingsUI.framework in Frameworks */,
			);
			runOnlyForDeploymentPostprocessing = 0;
		};
/* End PBXFrameworksBuildPhase section */

/* Begin PBXGroup section */
		7DDFCAC02EABB35B00D4AA93 = {
			isa = PBXGroup;
			children = (
				7DDFCB1E2EAD619C00D4AA93 /* DeviceActivityNames.swift */,
				7DDFCACB2EABB35B00D4AA93 /* Doomscroll Stopper */,
				7DDFCAD92EABB35D00D4AA93 /* Doomscroll StopperTests */,
				7DDFCAE32EABB35D00D4AA93 /* Doomscroll StopperUITests */,
				7DDFCAFC2EAD602A00D4AA93 /* DoomscrollMonitor */,
				7DDFCB122EAD611E00D4AA93 /* DoomscrollShield */,
				7DDFCAF92EAD602A00D4AA93 /* Frameworks */,
				7DDFCACA2EABB35B00D4AA93 /* Products */,
			);
			sourceTree = "<group>";
		};
		7DDFCACA2EABB35B00D4AA93 /* Products */ = {
			isa = PBXGroup;
			children = (
				7DDFCAC92EABB35B00D4AA93 /* Doomscroll Stopper.app */,
				7DDFCAD62EABB35D00D4AA93 /* Doomscroll StopperTests.xctest */,
				7DDFCAE02EABB35D00D4AA93 /* Doomscroll StopperUITests.xctest */,
				7DDFCAF82EAD602A00D4AA93 /* DoomscrollMonitor.appex */,
				7DDFCB0D2EAD611E00D4AA93 /* DoomscrollShield.appex */,
			);
			name = Products;
			sourceTree = "<group>";
		};
		7DDFCAF92EAD602A00D4AA93 /* Frameworks */ = {
			isa = PBXGroup;
			children = (
				7DDFCAFA2EAD602A00D4AA93 /* DeviceActivity.framework */,
				7DDFCB0E2EAD611E00D4AA93 /* ManagedSettings.framework */,
				7DDFCB102EAD611E00D4AA93 /* ManagedSettingsUI.framework */,
			);
			name = Frameworks;
			sourceTree = "<group>";
		};
/* End PBXGroup section */

/* Begin PBXNativeTarget section */
		7DDFCAC82EABB35B00D4AA93 /* Doomscroll Stopper */ = {
			isa = PBXNativeTarget;
			buildConfigurationList = 7DDFCAEA2EABB35D00D4AA93 /* Build configuration list for PBXNativeTarget "Doomscroll Stopper" */;
			buildPhases = (
				7DDFCAC52EABB35B00D4AA93 /* Sources */,
				7DDFCAC62EABB35B00D4AA93 /* Frameworks */,
				7DDFCAC72EABB35B00D4AA93 /* Resources */,
				7DDFCB082EAD602A00D4AA93 /* Embed Foundation Extensions */,
			);
			buildRules = (
			);
			dependencies = (
				7DDFCB022EAD602A00D4AA93 /* PBXTargetDependency */,
				7DDFCB182EAD611E00D4AA93 /* PBXTargetDependency */,
			);
			fileSystemSynchronizedGroups = (
				7DDFCACB2EABB35B00D4AA93 /* Doomscroll Stopper */,
			);
			name = "Doomscroll Stopper";
			packageProductDependencies = (
			);
			productName = "Doomscroll Stopper";
			productReference = 7DDFCAC92EABB35B00D4AA93 /* Doomscroll Stopper.app */;
			productType = "com.apple.product-type.application";
		};
		7DDFCAD52EABB35D00D4AA93 /* Doomscroll StopperTests */ = {
			isa = PBXNativeTarget;
			buildConfigurationList = 7DDFCAED2EABB35D00D4AA93 /* Build configuration list for PBXNativeTarget "Doomscroll StopperTests" */;
			buildPhases = (
				7DDFCAD22EABB35D00D4AA93 /* Sources */,
				7DDFCAD32EABB35D00D4AA93 /* Frameworks */,
				7DDFCAD42EABB35D00D4AA93 /* Resources */,
			);
			buildRules = (
			);
			dependencies = (
				7DDFCAD82EABB35D00D4AA93 /* PBXTargetDependency */,
			);
			fileSystemSynchronizedGroups = (
				7DDFCAD92EABB35D00D4AA93 /* Doomscroll StopperTests */,
			);
			name = "Doomscroll StopperTests";
			packageProductDependencies = (
			);
			productName = "Doomscroll StopperTests";
			productReference = 7DDFCAD62EABB35D00D4AA93 /* Doomscroll StopperTests.xctest */;
			productType = "com.apple.product-type.bundle.unit-test";
		};
		7DDFCADF2EABB35D00D4AA93 /* Doomscroll StopperUITests */ = {
			isa = PBXNativeTarget;
			buildConfigurationList = 7DDFCAF02EABB35D00D4AA93 /* Build configuration list for PBXNativeTarget "Doomscroll StopperUITests" */;
			buildPhases = (
				7DDFCADC2EABB35D00D4AA93 /* Sources */,
				7DDFCADD2EABB35D00D4AA93 /* Frameworks */,
				7DDFCADE2EABB35D00D4AA93 /* Resources */,
			);
			buildRules = (
			);
			dependencies = (
				7DDFCAE22EABB35D00D4AA93 /* PBXTargetDependency */,
			);
			fileSystemSynchronizedGroups = (
				7DDFCAE32EABB35D00D4AA93 /* Doomscroll StopperUITests */,
			);
			name = "Doomscroll StopperUITests";
			packageProductDependencies = (
			);
			productName = "Doomscroll StopperUITests";
			productReference = 7DDFCAE02EABB35D00D4AA93 /* Doomscroll StopperUITests.xctest */;
			productType = "com.apple.product-type.bundle.ui-testing";
		};
		7DDFCAF72EAD602A00D4AA93 /* DoomscrollMonitor */ = {
			isa = PBXNativeTarget;
			buildConfigurationList = 7DDFCB052EAD602A00D4AA93 /* Build configuration list for PBXNativeTarget "DoomscrollMonitor" */;
			buildPhases = (
				7DDFCAF42EAD602A00D4AA93 /* Sources */,
				7DDFCAF52EAD602A00D4AA93 /* Frameworks */,
				7DDFCAF62EAD602A00D4AA93 /* Resources */,
			);
			buildRules = (
			);
			dependencies = (
			);
			fileSystemSynchronizedGroups = (
				7DDFCAFC2EAD602A00D4AA93 /* DoomscrollMonitor */,
			);
			name = DoomscrollMonitor;
			packageProductDependencies = (
			);
			productName = DoomscrollMonitor;
			productReference = 7DDFCAF82EAD602A00D4AA93 /* DoomscrollMonitor.appex */;
			productType = "com.apple.product-type.app-extension";
		};
		7DDFCB0C2EAD611E00D4AA93 /* DoomscrollShield */ = {
			isa = PBXNativeTarget;
			buildConfigurationList = 7DDFCB1B2EAD611E00D4AA93 /* Build configuration list for PBXNativeTarget "DoomscrollShield" */;
			buildPhases = (
				7DDFCB092EAD611E00D4AA93 /* Sources */,
				7DDFCB0A2EAD611E00D4AA93 /* Frameworks */,
				7DDFCB0B2EAD611E00D4AA93 /* Resources */,
			);
			buildRules = (
			);
			dependencies = (
			);
			fileSystemSynchronizedGroups = (
				7DDFCB122EAD611E00D4AA93 /* DoomscrollShield */,
			);
			name = DoomscrollShield;
			packageProductDependencies = (
			);
			productName = DoomscrollShield;
			productReference = 7DDFCB0D2EAD611E00D4AA93 /* DoomscrollShield.appex */;
			productType = "com.apple.product-type.app-extension";
		};
/* End PBXNativeTarget section */

/* Begin PBXProject section */
		7DDFCAC12EABB35B00D4AA93 /* Project object */ = {
			isa = PBXProject;
			attributes = {
				BuildIndependentTargetsInParallel = 1;
				LastSwiftUpdateCheck = 2600;
				LastUpgradeCheck = 2600;
				TargetAttributes = {
					7DDFCAC82EABB35B00D4AA93 = {
						CreatedOnToolsVersion = 26.0.1;
					};
					7DDFCAD52EABB35D00D4AA93 = {
						CreatedOnToolsVersion = 26.0.1;
						TestTargetID = 7DDFCAC82EABB35B00D4AA93;
					};
					7DDFCADF2EABB35D00D4AA93 = {
						CreatedOnToolsVersion = 26.0.1;
						TestTargetID = 7DDFCAC82EABB35B00D4AA93;
					};
					7DDFCAF72EAD602A00D4AA93 = {
						CreatedOnToolsVersion = 26.0.1;
					};
					7DDFCB0C2EAD611E00D4AA93 = {
						CreatedOnToolsVersion = 26.0.1;
					};
				};
			};
			buildConfigurationList = 7DDFCAC42EABB35B00D4AA93 /* Build configuration list for PBXProject "Doomscroll Stopper" */;
			developmentRegion = en;
			hasScannedForEncodings = 0;
			knownRegions = (
				en,
				Base,
			);
			mainGroup = 7DDFCAC02EABB35B00D4AA93;
			minimizedProjectReferenceProxies = 1;
			preferredProjectObjectVersion = 77;
			productRefGroup = 7DDFCACA2EABB35B00D4AA93 /* Products */;
			projectDirPath = "";
			projectRoot = "";
			targets = (
				7DDFCAC82EABB35B00D4AA93 /* Doomscroll Stopper */,
				7DDFCAD52EABB35D00D4AA93 /* Doomscroll StopperTests */,
				7DDFCADF2EABB35D00D4AA93 /* Doomscroll StopperUITests */,
				7DDFCAF72EAD602A00D4AA93 /* DoomscrollMonitor */,
				7DDFCB0C2EAD611E00D4AA93 /* DoomscrollShield */,
			);
		};
/* End PBXProject section */

/* Begin PBXResourcesBuildPhase section */
		7DDFCAC72EABB35B00D4AA93 /* Resources */ = {
			isa = PBXResourcesBuildPhase;
			buildActionMask = 2147483647;
			files = (
			);
			runOnlyForDeploymentPostprocessing = 0;
		};
		7DDFCAD42EABB35D00D4AA93 /* Resources */ = {
			isa = PBXResourcesBuildPhase;
			buildActionMask = 2147483647;
			files = (
			);
			runOnlyForDeploymentPostprocessing = 0;
		};
		7DDFCADE2EABB35D00D4AA93 /* Resources */ = {
			isa = PBXResourcesBuildPhase;
			buildActionMask = 2147483647;
			files = (
			);
			runOnlyForDeploymentPostprocessing = 0;
		};
		7DDFCAF62EAD602A00D4AA93 /* Resources */ = {
			isa = PBXResourcesBuildPhase;
			buildActionMask = 2147483647;
			files = (
			);
			runOnlyForDeploymentPostprocessing = 0;
		};
		7DDFCB0B2EAD611E00D4AA93 /* Resources */ = {
			isa = PBXResourcesBuildPhase;
			buildActionMask = 2147483647;
			files = (
			);
			runOnlyForDeploymentPostprocessing = 0;
		};
/* End PBXResourcesBuildPhase section */

/* Begin PBXSourcesBuildPhase section */
		7DDFCAC52EABB35B00D4AA93 /* Sources */ = {
			isa = PBXSourcesBuildPhase;
			buildActionMask = 2147483647;
			files = (
				7DDFCB1F2EAD619C00D4AA93 /* DeviceActivityNames.swift in Sources */,
			);
			runOnlyForDeploymentPostprocessing = 0;
		};
		7DDFCAD22EABB35D00D4AA93 /* Sources */ = {
			isa = PBXSourcesBuildPhase;
			buildActionMask = 2147483647;
			files = (
			);
			runOnlyForDeploymentPostprocessing = 0;
		};
		7DDFCADC2EABB35D00D4AA93 /* Sources */ = {
			isa = PBXSourcesBuildPhase;
			buildActionMask = 2147483647;
			files = (
			);
			runOnlyForDeploymentPostprocessing = 0;
		};
		7DDFCAF42EAD602A00D4AA93 /* Sources */ = {
			isa = PBXSourcesBuildPhase;
			buildActionMask = 2147483647;
			files = (
			);
			runOnlyForDeploymentPostprocessing = 0;
		};
		7DDFCB092EAD611E00D4AA93 /* Sources */ = {
			isa = PBXSourcesBuildPhase;
			buildActionMask = 2147483647;
			files = (
			);
			runOnlyForDeploymentPostprocessing = 0;
		};
/* End PBXSourcesBuildPhase section */

/* Begin PBXTargetDependency section */
		7DDFCAD82EABB35D00D4AA93 /* PBXTargetDependency */ = {
			isa = PBXTargetDependency;
			target = 7DDFCAC82EABB35B00D4AA93 /* Doomscroll Stopper */;
			targetProxy = 7DDFCAD72EABB35D00D4AA93 /* PBXContainerItemProxy */;
		};
		7DDFCAE22EABB35D00D4AA93 /* PBXTargetDependency */ = {
			isa = PBXTargetDependency;
			target = 7DDFCAC82EABB35B00D4AA93 /* Doomscroll Stopper */;
			targetProxy = 7DDFCAE12EABB35D00D4AA93 /* PBXContainerItemProxy */;
		};
		7DDFCB022EAD602A00D4AA93 /* PBXTargetDependency */ = {
			isa = PBXTargetDependency;
			target = 7DDFCAF72EAD602A00D4AA93 /* DoomscrollMonitor */;
			targetProxy = 7DDFCB012EAD602A00D4AA93 /* PBXContainerItemProxy */;
		};
		7DDFCB182EAD611E00D4AA93 /* PBXTargetDependency */ = {
			isa = PBXTargetDependency;
			target = 7DDFCB0C2EAD611E00D4AA93 /* DoomscrollShield */;
			targetProxy = 7DDFCB172EAD611E00D4AA93 /* PBXContainerItemProxy */;
		};
/* End PBXTargetDependency section */

/* Begin XCBuildConfiguration section */
		7DDFCAE82EABB35D00D4AA93 /* Debug */ = {
			isa = XCBuildConfiguration;
			buildSettings = {
				ALWAYS_SEARCH_USER_PATHS = NO;
				ASSETCATALOG_COMPILER_GENERATE_SWIFT_ASSET_SYMBOL_EXTENSIONS = YES;
				CLANG_ANALYZER_NONNULL = YES;
				CLANG_ANALYZER_NUMBER_OBJECT_CONVERSION = YES_AGGRESSIVE;
				CLANG_CXX_LANGUAGE_STANDARD = "gnu++20";
				CLANG_ENABLE_MODULES = YES;
				CLANG_ENABLE_OBJC_ARC = YES;
				CLANG_ENABLE_OBJC_WEAK = YES;
				CLANG_WARN_BLOCK_CAPTURE_AUTORELEASING = YES;
				CLANG_WARN_BOOL_CONVERSION = YES;
				CLANG_WARN_COMMA = YES;
				CLANG_WARN_CONSTANT_CONVERSION = YES;
				CLANG_WARN_DEPRECATED_OBJC_IMPLEMENTATIONS = YES;
				CLANG_WARN_DIRECT_OBJC_ISA_USAGE = YES_ERROR;
				CLANG_WARN_DOCUMENTATION_COMMENTS = YES;
				CLANG_WARN_EMPTY_BODY = YES;
				CLANG_WARN_ENUM_CONVERSION = YES;
				CLANG_WARN_INFINITE_RECURSION = YES;
				CLANG_WARN_INT_CONVERSION = YES;
				CLANG_WARN_NON_LITERAL_NULL_CONVERSION = YES;
				CLANG_WARN_OBJC_IMPLICIT_RETAIN_SELF = YES;
				CLANG_WARN_OBJC_LITERAL_CONVERSION = YES;
				CLANG_WARN_OBJC_ROOT_CLASS = YES_ERROR;
				CLANG_WARN_QUOTED_INCLUDE_IN_FRAMEWORK_HEADER = YES;
				CLANG_WARN_RANGE_LOOP_ANALYSIS = YES;
				CLANG_WARN_STRICT_PROTOTYPES = YES;
				CLANG_WARN_SUSPICIOUS_MOVE = YES;
				CLANG_WARN_UNGUARDED_AVAILABILITY = YES_AGGRESSIVE;
				CLANG_WARN_UNREACHABLE_CODE = YES;
				CLANG_WARN__DUPLICATE_METHOD_MATCH = YES;
				COPY_PHASE_STRIP = NO;
				DEBUG_INFORMATION_FORMAT = dwarf;
				DEVELOPMENT_TEAM = 9HB7AA7S45;
				ENABLE_STRICT_OBJC_MSGSEND = YES;
				ENABLE_TESTABILITY = YES;
				ENABLE_USER_SCRIPT_SANDBOXING = YES;
				GCC_C_LANGUAGE_STANDARD = gnu17;
				GCC_DYNAMIC_NO_PIC = NO;
				GCC_NO_COMMON_BLOCKS = YES;
				GCC_OPTIMIZATION_LEVEL = 0;
				GCC_PREPROCESSOR_DEFINITIONS = (
					"DEBUG=1",
					"$(inherited)",
				);
				GCC_WARN_64_TO_32_BIT_CONVERSION = YES;
				GCC_WARN_ABOUT_RETURN_TYPE = YES_ERROR;
				GCC_WARN_UNDECLARED_SELECTOR = YES;
				GCC_WARN_UNINITIALIZED_AUTOS = YES_AGGRESSIVE;
				GCC_WARN_UNUSED_FUNCTION = YES;
				GCC_WARN_UNUSED_VARIABLE = YES;
				IPHONEOS_DEPLOYMENT_TARGET = 26.0;
				LOCALIZATION_PREFERS_STRING_CATALOGS = YES;
				MTL_ENABLE_DEBUG_INFO = INCLUDE_SOURCE;
				MTL_FAST_MATH = YES;
				ONLY_ACTIVE_ARCH = YES;
				SDKROOT = iphoneos;
				SWIFT_ACTIVE_COMPILATION_CONDITIONS = "DEBUG $(inherited)";
				SWIFT_OPTIMIZATION_LEVEL = "-Onone";
			};
			name = Debug;
		};
		7DDFCAE92EABB35D00D4AA93 /* Release */ = {
			isa = XCBuildConfiguration;
			buildSettings = {
				ALWAYS_SEARCH_USER_PATHS = NO;
				ASSETCATALOG_COMPILER_GENERATE_SWIFT_ASSET_SYMBOL_EXTENSIONS = YES;
				CLANG_ANALYZER_NONNULL = YES;
				CLANG_ANALYZER_NUMBER_OBJECT_CONVERSION = YES_AGGRESSIVE;
				CLANG_CXX_LANGUAGE_STANDARD = "gnu++20";
				CLANG_ENABLE_MODULES = YES;
				CLANG_ENABLE_OBJC_ARC = YES;
				CLANG_ENABLE_OBJC_WEAK = YES;
				CLANG_WARN_BLOCK_CAPTURE_AUTORELEASING = YES;
				CLANG_WARN_BOOL_CONVERSION = YES;
				CLANG_WARN_COMMA = YES;
				CLANG_WARN_CONSTANT_CONVERSION = YES;
				CLANG_WARN_DEPRECATED_OBJC_IMPLEMENTATIONS = YES;
				CLANG_WARN_DIRECT_OBJC_ISA_USAGE = YES_ERROR;
				CLANG_WARN_DOCUMENTATION_COMMENTS = YES;
				CLANG_WARN_EMPTY_BODY = YES;
				CLANG_WARN_ENUM_CONVERSION = YES;
				CLANG_WARN_INFINITE_RECURSION = YES;
				CLANG_WARN_INT_CONVERSION = YES;
				CLANG_WARN_NON_LITERAL_NULL_CONVERSION = YES;
				CLANG_WARN_OBJC_IMPLICIT_RETAIN_SELF = YES;
				CLANG_WARN_OBJC_LITERAL_CONVERSION = YES;
				CLANG_WARN_OBJC_ROOT_CLASS = YES_ERROR;
				CLANG_WARN_QUOTED_INCLUDE_IN_FRAMEWORK_HEADER = YES;
				CLANG_WARN_RANGE_LOOP_ANALYSIS = YES;
				CLANG_WARN_STRICT_PROTOTYPES = YES;
				CLANG_WARN_SUSPICIOUS_MOVE = YES;
				CLANG_WARN_UNGUARDED_AVAILABILITY = YES_AGGRESSIVE;
				CLANG_WARN_UNREACHABLE_CODE = YES;
				CLANG_WARN__DUPLICATE_METHOD_MATCH = YES;
				COPY_PHASE_STRIP = NO;
				DEBUG_INFORMATION_FORMAT = "dwarf-with-dsym";
				DEVELOPMENT_TEAM = 9HB7AA7S45;
				ENABLE_NS_ASSERTIONS = NO;
				ENABLE_STRICT_OBJC_MSGSEND = YES;
				ENABLE_USER_SCRIPT_SANDBOXING = YES;
				GCC_C_LANGUAGE_STANDARD = gnu17;
				GCC_NO_COMMON_BLOCKS = YES;
				GCC_WARN_64_TO_32_BIT_CONVERSION = YES;
				GCC_WARN_ABOUT_RETURN_TYPE = YES_ERROR;
				GCC_WARN_UNDECLARED_SELECTOR = YES;
				GCC_WARN_UNINITIALIZED_AUTOS = YES_AGGRESSIVE;
				GCC_WARN_UNUSED_FUNCTION = YES;
				GCC_WARN_UNUSED_VARIABLE = YES;
				IPHONEOS_DEPLOYMENT_TARGET = 26.0;
				LOCALIZATION_PREFERS_STRING_CATALOGS = YES;
				MTL_ENABLE_DEBUG_INFO = NO;
				MTL_FAST_MATH = YES;
				SDKROOT = iphoneos;
				SWIFT_COMPILATION_MODE = wholemodule;
				VALIDATE_PRODUCT = YES;
			};
			name = Release;
		};
		7DDFCAEB2EABB35D00D4AA93 /* Debug */ = {
			isa = XCBuildConfiguration;
			buildSettings = {
				ASSETCATALOG_COMPILER_APPICON_NAME = AppIcon;
				ASSETCATALOG_COMPILER_GLOBAL_ACCENT_COLOR_NAME = AccentColor;
				CODE_SIGN_ENTITLEMENTS = "Doomscroll Stopper/Doomscroll Stopper.entitlements";
				CODE_SIGN_STYLE = Automatic;
				CURRENT_PROJECT_VERSION = 1;
				DEVELOPMENT_TEAM = 9HB7AA7S45;
				ENABLE_PREVIEWS = YES;
				GENERATE_INFOPLIST_FILE = YES;
				INFOPLIST_KEY_LSApplicationCategoryType = "public.app-category.productivity";
				INFOPLIST_KEY_UIApplicationSceneManifest_Generation = YES;
				INFOPLIST_KEY_UIApplicationSupportsIndirectInputEvents = YES;
				INFOPLIST_KEY_UILaunchScreen_Generation = YES;
				INFOPLIST_KEY_UISupportedInterfaceOrientations_iPad = "UIInterfaceOrientationPortrait UIInterfaceOrientationPortraitUpsideDown UIInterfaceOrientationLandscapeLeft UIInterfaceOrientationLandscapeRight";
				INFOPLIST_KEY_UISupportedInterfaceOrientations_iPhone = "UIInterfaceOrientationPortrait UIInterfaceOrientationLandscapeLeft UIInterfaceOrientationLandscapeRight";
				IPHONEOS_DEPLOYMENT_TARGET = 16.6;
				LD_RUNPATH_SEARCH_PATHS = (
					"$(inherited)",
					"@executable_path/Frameworks",
				);
				MARKETING_VERSION = 1.0;
				PRODUCT_BUNDLE_IDENTIFIER = "Me.Doomscroll-Stopper";
				PRODUCT_NAME = "$(TARGET_NAME)";
				STRING_CATALOG_GENERATE_SYMBOLS = YES;
				SWIFT_APPROACHABLE_CONCURRENCY = YES;
				SWIFT_DEFAULT_ACTOR_ISOLATION = MainActor;
				SWIFT_EMIT_LOC_STRINGS = YES;
				SWIFT_UPCOMING_FEATURE_MEMBER_IMPORT_VISIBILITY = YES;
				SWIFT_VERSION = 5.0;
				TARGETED_DEVICE_FAMILY = "1,2";
			};
			name = Debug;
		};
		7DDFCAEC2EABB35D00D4AA93 /* Release */ = {
			isa = XCBuildConfiguration;
			buildSettings = {
				ASSETCATALOG_COMPILER_APPICON_NAME = AppIcon;
				ASSETCATALOG_COMPILER_GLOBAL_ACCENT_COLOR_NAME = AccentColor;
				CODE_SIGN_ENTITLEMENTS = "Doomscroll Stopper/Doomscroll Stopper Release.entitlements";
				CODE_SIGN_STYLE = Automatic;
				CURRENT_PROJECT_VERSION = 1;
				DEVELOPMENT_TEAM = 9HB7AA7S45;
				ENABLE_PREVIEWS = YES;
				GENERATE_INFOPLIST_FILE = YES;
				INFOPLIST_KEY_LSApplicationCategoryType = "public.app-category.productivity";
				INFOPLIST_KEY_UIApplicationSceneManifest_Generation = YES;
				INFOPLIST_KEY_UIApplicationSupportsIndirectInputEvents = YES;
				INFOPLIST_KEY_UILaunchScreen_Generation = YES;
				INFOPLIST_KEY_UISupportedInterfaceOrientations_iPad = "UIInterfaceOrientationPortrait UIInterfaceOrientationPortraitUpsideDown UIInterfaceOrientationLandscapeLeft UIInterfaceOrientationLandscapeRight";
				INFOPLIST_KEY_UISupportedInterfaceOrientations_iPhone = "UIInterfaceOrientationPortrait UIInterfaceOrientationLandscapeLeft UIInterfaceOrientationLandscapeRight";
				IPHONEOS_DEPLOYMENT_TARGET = 16.6;
				LD_RUNPATH_SEARCH_PATHS = (
					"$(inherited)",
					"@executable_path/Frameworks",
				);
				MARKETING_VERSION = 1.0;
				PRODUCT_BUNDLE_IDENTIFIER = "Me.Doomscroll-Stopper";
				PRODUCT_NAME = "$(TARGET_NAME)";
				STRING_CATALOG_GENERATE_SYMBOLS = YES;
				SWIFT_APPROACHABLE_CONCURRENCY = YES;
				SWIFT_DEFAULT_ACTOR_ISOLATION = MainActor;
				SWIFT_EMIT_LOC_STRINGS = YES;
				SWIFT_UPCOMING_FEATURE_MEMBER_IMPORT_VISIBILITY = YES;
				SWIFT_VERSION = 5.0;
				TARGETED_DEVICE_FAMILY = "1,2";
			};
			name = Release;
		};
		7DDFCAEE2EABB35D00D4AA93 /* Debug */ = {
			isa = XCBuildConfiguration;
			buildSettings = {
				BUNDLE_LOADER = "$(TEST_HOST)";
				CODE_SIGN_STYLE = Automatic;
				CURRENT_PROJECT_VERSION = 1;
				DEVELOPMENT_TEAM = 9HB7AA7S45;
				GENERATE_INFOPLIST_FILE = YES;
				IPHONEOS_DEPLOYMENT_TARGET = 26.0;
				MARKETING_VERSION = 1.0;
				PRODUCT_BUNDLE_IDENTIFIER = "Me.Doomscroll-StopperTests";
				PRODUCT_NAME = "$(TARGET_NAME)";
				STRING_CATALOG_GENERATE_SYMBOLS = NO;
				SWIFT_APPROACHABLE_CONCURRENCY = YES;
				SWIFT_EMIT_LOC_STRINGS = NO;
				SWIFT_UPCOMING_FEATURE_MEMBER_IMPORT_VISIBILITY = YES;
				SWIFT_VERSION = 5.0;
				TARGETED_DEVICE_FAMILY = "1,2";
				TEST_HOST = "$(BUILT_PRODUCTS_DIR)/Doomscroll Stopper.app/$(BUNDLE_EXECUTABLE_FOLDER_PATH)/Doomscroll Stopper";
			};
			name = Debug;
		};
		7DDFCAEF2EABB35D00D4AA93 /* Release */ = {
			isa = XCBuildConfiguration;
			buildSettings = {
				BUNDLE_LOADER = "$(TEST_HOST)";
				CODE_SIGN_STYLE = Automatic;
				CURRENT_PROJECT_VERSION = 1;
				DEVELOPMENT_TEAM = 9HB7AA7S45;
				GENERATE_INFOPLIST_FILE = YES;
				IPHONEOS_DEPLOYMENT_TARGET = 26.0;
				MARKETING_VERSION = 1.0;
				PRODUCT_BUNDLE_IDENTIFIER = "Me.Doomscroll-StopperTests";
				PRODUCT_NAME = "$(TARGET_NAME)";
				STRING_CATALOG_GENERATE_SYMBOLS = NO;
				SWIFT_APPROACHABLE_CONCURRENCY = YES;
				SWIFT_EMIT_LOC_STRINGS = NO;
				SWIFT_UPCOMING_FEATURE_MEMBER_IMPORT_VISIBILITY = YES;
				SWIFT_VERSION = 5.0;
				TARGETED_DEVICE_FAMILY = "1,2";
				TEST_HOST = "$(BUILT_PRODUCTS_DIR)/Doomscroll Stopper.app/$(BUNDLE_EXECUTABLE_FOLDER_PATH)/Doomscroll Stopper";
			};
			name = Release;
		};
		7DDFCAF12EABB35D00D4AA93 /* Debug */ = {
			isa = XCBuildConfiguration;
			buildSettings = {
				CODE_SIGN_STYLE = Automatic;
				CURRENT_PROJECT_VERSION = 1;
				DEVELOPMENT_TEAM = 9HB7AA7S45;
				GENERATE_INFOPLIST_FILE = YES;
				MARKETING_VERSION = 1.0;
				PRODUCT_BUNDLE_IDENTIFIER = "Me.Doomscroll-StopperUITests";
				PRODUCT_NAME = "$(TARGET_NAME)";
				STRING_CATALOG_GENERATE_SYMBOLS = NO;
				SWIFT_APPROACHABLE_CONCURRENCY = YES;
				SWIFT_EMIT_LOC_STRINGS = NO;
				SWIFT_UPCOMING_FEATURE_MEMBER_IMPORT_VISIBILITY = YES;
				SWIFT_VERSION = 5.0;
				TARGETED_DEVICE_FAMILY = "1,2";
				TEST_TARGET_NAME = "Doomscroll Stopper";
			};
			name = Debug;
		};
		7DDFCAF22EABB35D00D4AA93 /* Release */ = {
			isa = XCBuildConfiguration;
			buildSettings = {
				CODE_SIGN_STYLE = Automatic;
				CURRENT_PROJECT_VERSION = 1;
				DEVELOPMENT_TEAM = 9HB7AA7S45;
				GENERATE_INFOPLIST_FILE = YES;
				MARKETING_VERSION = 1.0;
				PRODUCT_BUNDLE_IDENTIFIER = "Me.Doomscroll-StopperUITests";
				PRODUCT_NAME = "$(TARGET_NAME)";
				STRING_CATALOG_GENERATE_SYMBOLS = NO;
				SWIFT_APPROACHABLE_CONCURRENCY = YES;
				SWIFT_EMIT_LOC_STRINGS = NO;
				SWIFT_UPCOMING_FEATURE_MEMBER_IMPORT_VISIBILITY = YES;
				SWIFT_VERSION = 5.0;
				TARGETED_DEVICE_FAMILY = "1,2";
				TEST_TARGET_NAME = "Doomscroll Stopper";
			};
			name = Release;
		};
		7DDFCB062EAD602A00D4AA93 /* Debug */ = {
			isa = XCBuildConfiguration;
			buildSettings = {
				CODE_SIGN_ENTITLEMENTS = DoomscrollMonitor/DoomscrollMonitor.entitlements;
				CODE_SIGN_STYLE = Automatic;
				CURRENT_PROJECT_VERSION = 1;
				DEVELOPMENT_TEAM = 9HB7AA7S45;
				GENERATE_INFOPLIST_FILE = YES;
				INFOPLIST_FILE = DoomscrollMonitor/Info.plist;
				INFOPLIST_KEY_CFBundleDisplayName = DoomscrollMonitor;
				INFOPLIST_KEY_NSHumanReadableCopyright = "";
				IPHONEOS_DEPLOYMENT_TARGET = 16.6;
				LD_RUNPATH_SEARCH_PATHS = (
					"$(inherited)",
					"@executable_path/Frameworks",
					"@executable_path/../../Frameworks",
				);
				MARKETING_VERSION = 1.0;
				PRODUCT_BUNDLE_IDENTIFIER = "Me.Doomscroll-Stopper.DoomscrollMonitor";
				PRODUCT_NAME = "$(TARGET_NAME)";
				SKIP_INSTALL = YES;
				STRING_CATALOG_GENERATE_SYMBOLS = YES;
				SWIFT_APPROACHABLE_CONCURRENCY = YES;
				SWIFT_EMIT_LOC_STRINGS = YES;
				SWIFT_UPCOMING_FEATURE_MEMBER_IMPORT_VISIBILITY = YES;
				SWIFT_VERSION = 5.0;
				TARGETED_DEVICE_FAMILY = "1,2";
			};
			name = Debug;
		};
		7DDFCB072EAD602A00D4AA93 /* Release */ = {
			isa = XCBuildConfiguration;
			buildSettings = {
				CODE_SIGN_ENTITLEMENTS = "DoomscrollMonitor/DoomscrollMonitor Release.entitlements";
				CODE_SIGN_STYLE = Automatic;
				CURRENT_PROJECT_VERSION = 1;
				DEVELOPMENT_TEAM = 9HB7AA7S45;
				GENERATE_INFOPLIST_FILE = YES;
				INFOPLIST_FILE = DoomscrollMonitor/Info.plist;
				INFOPLIST_KEY_CFBundleDisplayName = DoomscrollMonitor;
				INFOPLIST_KEY_NSHumanReadableCopyright = "";
				IPHONEOS_DEPLOYMENT_TARGET = 16.6;
				LD_RUNPATH_SEARCH_PATHS = (
					"$(inherited)",
					"@executable_path/Frameworks",
					"@executable_path/../../Frameworks",
				);
				MARKETING_VERSION = 1.0;
				PRODUCT_BUNDLE_IDENTIFIER = "Me.Doomscroll-Stopper.DoomscrollMonitor";
				PRODUCT_NAME = "$(TARGET_NAME)";
				SKIP_INSTALL = YES;
				STRING_CATALOG_GENERATE_SYMBOLS = YES;
				SWIFT_APPROACHABLE_CONCURRENCY = YES;
				SWIFT_EMIT_LOC_STRINGS = YES;
				SWIFT_UPCOMING_FEATURE_MEMBER_IMPORT_VISIBILITY = YES;
				SWIFT_VERSION = 5.0;
				TARGETED_DEVICE_FAMILY = "1,2";
			};
			name = Release;
		};
		7DDFCB1C2EAD611E00D4AA93 /* Debug */ = {
			isa = XCBuildConfiguration;
			buildSettings = {
				CODE_SIGN_ENTITLEMENTS = DoomscrollShield/DoomscrollShield.entitlements;
				CODE_SIGN_STYLE = Automatic;
				CURRENT_PROJECT_VERSION = 1;
				DEVELOPMENT_TEAM = 9HB7AA7S45;
				GENERATE_INFOPLIST_FILE = YES;
				INFOPLIST_FILE = DoomscrollShield/Info.plist;
				INFOPLIST_KEY_CFBundleDisplayName = DoomscrollShield;
				INFOPLIST_KEY_NSHumanReadableCopyright = "";
				IPHONEOS_DEPLOYMENT_TARGET = 16.6;
				LD_RUNPATH_SEARCH_PATHS = (
					"$(inherited)",
					"@executable_path/Frameworks",
					"@executable_path/../../Frameworks",
				);
				MARKETING_VERSION = 1.0;
				PRODUCT_BUNDLE_IDENTIFIER = "Me.Doomscroll-Stopper.DoomscrollShield";
				PRODUCT_NAME = "$(TARGET_NAME)";
				SKIP_INSTALL = YES;
				STRING_CATALOG_GENERATE_SYMBOLS = YES;
				SWIFT_APPROACHABLE_CONCURRENCY = YES;
				SWIFT_EMIT_LOC_STRINGS = YES;
				SWIFT_UPCOMING_FEATURE_MEMBER_IMPORT_VISIBILITY = YES;
				SWIFT_VERSION = 5.0;
				TARGETED_DEVICE_FAMILY = "1,2";
			};
			name = Debug;
		};
		7DDFCB1D2EAD611E00D4AA93 /* Release */ = {
			isa = XCBuildConfiguration;
			buildSettings = {
				CODE_SIGN_ENTITLEMENTS = "DoomscrollShield/DoomscrollShield Release.entitlements";
				CODE_SIGN_STYLE = Automatic;
				CURRENT_PROJECT_VERSION = 1;
				DEVELOPMENT_TEAM = 9HB7AA7S45;
				GENERATE_INFOPLIST_FILE = YES;
				INFOPLIST_FILE = DoomscrollShield/Info.plist;
				INFOPLIST_KEY_CFBundleDisplayName = DoomscrollShield;
				INFOPLIST_KEY_NSHumanReadableCopyright = "";
				IPHONEOS_DEPLOYMENT_TARGET = 16.6;
				LD_RUNPATH_SEARCH_PATHS = (
					"$(inherited)",
					"@executable_path/Frameworks",
					"@executable_path/../../Frameworks",
				);
				MARKETING_VERSION = 1.0;
				PRODUCT_BUNDLE_IDENTIFIER = "Me.Doomscroll-Stopper.DoomscrollShield";
				PRODUCT_NAME = "$(TARGET_NAME)";
				SKIP_INSTALL = YES;
				STRING_CATALOG_GENERATE_SYMBOLS = YES;
				SWIFT_APPROACHABLE_CONCURRENCY = YES;
				SWIFT_EMIT_LOC_STRINGS = YES;
				SWIFT_UPCOMING_FEATURE_MEMBER_IMPORT_VISIBILITY = YES;
				SWIFT_VERSION = 5.0;
				TARGETED_DEVICE_FAMILY = "1,2";
			};
			name = Release;
		};
/* End XCBuildConfiguration section */

/* Begin XCConfigurationList section */
		7DDFCAC42EABB35B00D4AA93 /* Build configuration list for PBXProject "Doomscroll Stopper" */ = {
			isa = XCConfigurationList;
			buildConfigurations = (
				7DDFCAE82EABB35D00D4AA93 /* Debug */,
				7DDFCAE92EABB35D00D4AA93 /* Release */,
			);
			defaultConfigurationIsVisible = 0;
			defaultConfigurationName = Release;
		};
		7DDFCAEA2EABB35D00D4AA93 /* Build configuration list for PBXNativeTarget "Doomscroll Stopper" */ = {
			isa = XCConfigurationList;
			buildConfigurations = (
				7DDFCAEB2EABB35D00D4AA93 /* Debug */,
				7DDFCAEC2EABB35D00D4AA93 /* Release */,
			);
			defaultConfigurationIsVisible = 0;
			defaultConfigurationName = Release;
		};
		7DDFCAED2EABB35D00D4AA93 /* Build configuration list for PBXNativeTarget "Doomscroll StopperTests" */ = {
			isa = XCConfigurationList;
			buildConfigurations = (
				7DDFCAEE2EABB35D00D4AA93 /* Debug */,
				7DDFCAEF2EABB35D00D4AA93 /* Release */,
			);
			defaultConfigurationIsVisible = 0;
			defaultConfigurationName = Release;
		};
		7DDFCAF02EABB35D00D4AA93 /* Build configuration list for PBXNativeTarget "Doomscroll StopperUITests" */ = {
			isa = XCConfigurationList;
			buildConfigurations = (
				7DDFCAF12EABB35D00D4AA93 /* Debug */,
				7DDFCAF22EABB35D00D4AA93 /* Release */,
			);
			defaultConfigurationIsVisible = 0;
			defaultConfigurationName = Release;
		};
		7DDFCB052EAD602A00D4AA93 /* Build configuration list for PBXNativeTarget "DoomscrollMonitor" */ = {
			isa = XCConfigurationList;
			buildConfigurations = (
				7DDFCB062EAD602A00D4AA93 /* Debug */,
				7DDFCB072EAD602A00D4AA93 /* Release */,
			);
			defaultConfigurationIsVisible = 0;
			defaultConfigurationName = Release;
		};
		7DDFCB1B2EAD611E00D4AA93 /* Build configuration list for PBXNativeTarget "DoomscrollShield" */ = {
			isa = XCConfigurationList;
			buildConfigurations = (
				7DDFCB1C2EAD611E00D4AA93 /* Debug */,
				7DDFCB1D2EAD611E00D4AA93 /* Release */,
			);
			defaultConfigurationIsVisible = 0;
			defaultConfigurationName = Release;
		};
/* End XCConfigurationList section */
	};
	rootObject = 7DDFCAC12EABB35B00D4AA93 /* Project object */;
}
